
Microsoft Visual Studio Solution File, Format Version 12.00
# Visual Studio Version 17
VisualStudioVersion = 17.8.34525.116
MinimumVisualStudioVersion = 10.0.40219.1
Project("{FAE04EC0-301F-11D3-BF4B-00C04F79EFBC}") = "VPNremoteSignup", "VPNremoteSignup\VPNremoteSignup.csproj", "{5E71B816-A7E4-4D8E-A8C9-1D5620587DD1}"
EndProject
Project("{FAE04EC0-301F-11D3-BF4B-00C04F79EFBC}") = "EncryptText", "EncryptText\EncryptText.csproj", "{F84EDD29-E2E9-494E-BF62-5C1C0C201143}"
EndProject
Project("{FAE04EC0-301F-11D3-BF4B-00C04F79EFBC}") = "AesLib", "AesLib\AesLib.csproj", "{55CA9372-741D-4E83-9FC7-0D9EAD78F9AB}"
EndProject
Global
	GlobalSection(SolutionConfigurationPlatforms) = preSolution
		Debug|Any CPU = Debug|Any CPU
		Release|Any CPU = Release|Any CPU
	EndGlobalSection
	GlobalSection(ProjectConfigurationPlatforms) = postSolution
		{5E71B816-A7E4-4D8E-A8C9-1D5620587DD1}.Debug|Any CPU.ActiveCfg = Debug|Any CPU
		{5E71B816-A7E4-4D8E-A8C9-1D5620587DD1}.Debug|Any CPU.Build.0 = Debug|Any CPU
		{5E71B816-A7E4-4D8E-A8C9-1D5620587DD1}.Release|Any CPU.ActiveCfg = Release|Any CPU
		{5E71B816-A7E4-4D8E-A8C9-1D5620587DD1}.Release|Any CPU.Build.0 = Release|Any CPU
		{F84EDD29-E2E9-494E-BF62-5C1C0C201143}.Debug|Any CPU.ActiveCfg = Debug|Any CPU
		{F84EDD29-E2E9-494E-BF62-5C1C0C201143}.Debug|Any CPU.Build.0 = Debug|Any CPU
		{F84EDD29-E2E9-494E-BF62-5C1C0C201143}.Release|Any CPU.ActiveCfg = Release|Any CPU
		{F84EDD29-E2E9-494E-BF62-5C1C0C201143}.Release|Any CPU.Build.0 = Release|Any CPU
		{55CA9372-741D-4E83-9FC7-0D9EAD78F9AB}.Debug|Any CPU.ActiveCfg = Debug|Any CPU
		{55CA9372-741D-4E83-9FC7-0D9EAD78F9AB}.Debug|Any CPU.Build.0 = Debug|Any CPU
		{55CA9372-741D-4E83-9FC7-0D9EAD78F9AB}.Release|Any CPU.ActiveCfg = Release|Any CPU
		{55CA9372-741D-4E83-9FC7-0D9EAD78F9AB}.Release|Any CPU.Build.0 = Release|Any CPU
	EndGlobalSection
	GlobalSection(SolutionProperties) = preSolution
		HideSolutionNode = FALSE
	EndGlobalSection
	GlobalSection(ExtensibilityGlobals) = postSolution
		SolutionGuid = {B2286863-AD28-47CE-A772-1F37B4817EAF}
	EndGlobalSection
EndGlobal
